{
    "_readme": [
        "This file locks the dependencies of your project to a known state",
        "Read more about it at https://getcomposer.org/doc/01-basic-usage.md#installing-dependencies",
        "This file is @generated automatically"
    ],
    "content-hash": "a5355442dfad4cf2505f025058e4bb01",
    "packages": [],
    "packages-dev": [
        {
            "name": "geerlingguy/drupal-vm",
            "version": "4.9.0",
            "source": {
                "type": "git",
                "url": "https://github.com/geerlingguy/drupal-vm.git",
                "reference": "4fc4a3a89231e8d4cea077e6541c771f1b46d66c"
            },
            "dist": {
                "type": "zip",
                "url": "https://api.github.com/repos/geerlingguy/drupal-vm/zipball/4fc4a3a89231e8d4cea077e6541c771f1b46d66c",
                "reference": "4fc4a3a89231e8d4cea077e6541c771f1b46d66c",
                "shasum": ""
            },
            "type": "vm",
            "notification-url": "https://packagist.org/downloads/",
            "license": [
                "MIT"
            ],
            "authors": [
                {
                    "name": "Oskar Schöldström",
                    "homepage": "http://oxy.fi"
                },
                {
                    "name": "Jeff Geerling",
                    "homepage": "https://www.jeffgeerling.com"
                }
            ],
            "description": "A VM for local Drupal development, built with Vagrant + Ansible",
            "homepage": "https://www.drupalvm.com",
            "keywords": [
                "drupal",
                "vagrant",
                "virtual machine",
                "vm"
            ],
            "time": "2018-06-01T15:22:24+00:00"
        }
    ],
    "aliases": [],
    "minimum-stability": "stable",
    "stability-flags": [],
    "prefer-stable": false,
    "prefer-lowest": false,
    "platform": [],
    "platform-dev": []
}
